
Microsoft Visual Studio Solution File, Format Version 12.00
# Visual Studio Version 17
VisualStudioVersion = 17.5.33516.290
MinimumVisualStudioVersion = 10.0.40219.1
Project("{FAE04EC0-301F-11D3-BF4B-00C04F79EFBC}") = "Week8EpicGame", "Week8EpicGame\Week8EpicGame.csproj", "{19570E99-B3ED-46E6-80DC-F0D404318652}"
EndProject
Global
	GlobalSection(SolutionConfigurationPlatforms) = preSolution
		Debug|Any CPU = Debug|Any CPU
		Release|Any CPU = Release|Any CPU
	EndGlobalSection
	GlobalSection(ProjectConfigurationPlatforms) = postSolution
		{19570E99-B3ED-46E6-80DC-F0D404318652}.Debug|Any CPU.ActiveCfg = Debug|Any CPU
		{19570E99-B3ED-46E6-80DC-F0D404318652}.Debug|Any CPU.Build.0 = Debug|Any CPU
		{19570E99-B3ED-46E6-80DC-F0D404318652}.Release|Any CPU.ActiveCfg = Release|Any CPU
		{19570E99-B3ED-46E6-80DC-F0D404318652}.Release|Any CPU.Build.0 = Release|Any CPU
	EndGlobalSection
	GlobalSection(SolutionProperties) = preSolution
		HideSolutionNode = FALSE
	EndGlobalSection
	GlobalSection(ExtensibilityGlobals) = postSolution
		SolutionGuid = {08DD5091-7584-464F-B4D8-07484CEA0F16}
	EndGlobalSection
EndGlobal
